
Microsoft Visual Studio Solution File, Format Version 12.00
# Visual Studio Version 16
VisualStudioVersion = 16.0.31205.134
MinimumVisualStudioVersion = 10.0.40219.1
Project("{9A19103F-16F7-4668-BE54-9A1E7A4F7556}") = "PizzaBox.Api", "PizzaBox.Api\PizzaBox.Api.csproj", "{50DB7203-AFAB-4F80-84C2-9ED2E44EDDAB}"
EndProject
Project("{9A19103F-16F7-4668-BE54-9A1E7A4F7556}") = "PizzaBox.Client", "..\PizzaBox.Client\PizzaBox.Client.csproj", "{7C28C412-EF37-4777-A389-E318639A1A55}"
EndProject
Project("{9A19103F-16F7-4668-BE54-9A1E7A4F7556}") = "PizzaBox.Domain", "..\PizzaBox.Domain\PizzaBox.Domain.csproj", "{0C4FFDD9-8A2B-4825-B822-3AEBB5B96904}"
EndProject
Project("{9A19103F-16F7-4668-BE54-9A1E7A4F7556}") = "PizzaBox.Storing", "..\PizzaBox.Storing\PizzaBox.Storing.csproj", "{013F2380-E650-414F-B3EC-A23684D9D612}"
EndProject
Project("{9A19103F-16F7-4668-BE54-9A1E7A4F7556}") = "PizzaBox.Testing", "..\PizzaBox.Testing\PizzaBox.Testing.csproj", "{004B6DD7-AB30-425E-9AF9-4AEF6D6184D7}"
EndProject
Global
	GlobalSection(SolutionConfigurationPlatforms) = preSolution
		Debug|Any CPU = Debug|Any CPU
		Release|Any CPU = Release|Any CPU
	EndGlobalSection
	GlobalSection(ProjectConfigurationPlatforms) = postSolution
		{50DB7203-AFAB-4F80-84C2-9ED2E44EDDAB}.Debug|Any CPU.ActiveCfg = Debug|Any CPU
		{50DB7203-AFAB-4F80-84C2-9ED2E44EDDAB}.Debug|Any CPU.Build.0 = Debug|Any CPU
		{50DB7203-AFAB-4F80-84C2-9ED2E44EDDAB}.Release|Any CPU.ActiveCfg = Release|Any CPU
		{50DB7203-AFAB-4F80-84C2-9ED2E44EDDAB}.Release|Any CPU.Build.0 = Release|Any CPU
		{7C28C412-EF37-4777-A389-E318639A1A55}.Debug|Any CPU.ActiveCfg = Debug|Any CPU
		{7C28C412-EF37-4777-A389-E318639A1A55}.Debug|Any CPU.Build.0 = Debug|Any CPU
		{7C28C412-EF37-4777-A389-E318639A1A55}.Release|Any CPU.ActiveCfg = Release|Any CPU
		{7C28C412-EF37-4777-A389-E318639A1A55}.Release|Any CPU.Build.0 = Release|Any CPU
		{0C4FFDD9-8A2B-4825-B822-3AEBB5B96904}.Debug|Any CPU.ActiveCfg = Debug|Any CPU
		{0C4FFDD9-8A2B-4825-B822-3AEBB5B96904}.Debug|Any CPU.Build.0 = Debug|Any CPU
		{0C4FFDD9-8A2B-4825-B822-3AEBB5B96904}.Release|Any CPU.ActiveCfg = Release|Any CPU
		{0C4FFDD9-8A2B-4825-B822-3AEBB5B96904}.Release|Any CPU.Build.0 = Release|Any CPU
		{013F2380-E650-414F-B3EC-A23684D9D612}.Debug|Any CPU.ActiveCfg = Debug|Any CPU
		{013F2380-E650-414F-B3EC-A23684D9D612}.Debug|Any CPU.Build.0 = Debug|Any CPU
		{013F2380-E650-414F-B3EC-A23684D9D612}.Release|Any CPU.ActiveCfg = Release|Any CPU
		{013F2380-E650-414F-B3EC-A23684D9D612}.Release|Any CPU.Build.0 = Release|Any CPU
		{004B6DD7-AB30-425E-9AF9-4AEF6D6184D7}.Debug|Any CPU.ActiveCfg = Debug|Any CPU
		{004B6DD7-AB30-425E-9AF9-4AEF6D6184D7}.Debug|Any CPU.Build.0 = Debug|Any CPU
		{004B6DD7-AB30-425E-9AF9-4AEF6D6184D7}.Release|Any CPU.ActiveCfg = Release|Any CPU
		{004B6DD7-AB30-425E-9AF9-4AEF6D6184D7}.Release|Any CPU.Build.0 = Release|Any CPU
	EndGlobalSection
	GlobalSection(SolutionProperties) = preSolution
		HideSolutionNode = FALSE
	EndGlobalSection
	GlobalSection(ExtensibilityGlobals) = postSolution
		SolutionGuid = {EFC5E0FF-6425-4AD3-B97E-60DCCE81497F}
	EndGlobalSection
EndGlobal
