
Microsoft Visual Studio Solution File, Format Version 12.00
# Visual Studio Version 16
VisualStudioVersion = 16.0.31205.134
MinimumVisualStudioVersion = 10.0.40219.1
Project("{FAE04EC0-301F-11D3-BF4B-00C04F79EFBC}") = "PizzaBox.Api", "PizzaBox.Api\PizzaBox.Api.csproj", "{7A4A0C33-CC1F-4C20-B43E-303B0402A960}"
EndProject
Project("{FAE04EC0-301F-11D3-BF4B-00C04F79EFBC}") = "PizzaBox.Domain", "PizzaBox.Domain\PizzaBox.Domain.csproj", "{C26D9571-4FE9-49A5-A07B-5C4B68D8C40A}"
EndProject
Project("{FAE04EC0-301F-11D3-BF4B-00C04F79EFBC}") = "PizzaBox.Storing", "PizzaBox.Storing\PizzaBox.Storing.csproj", "{37BA22D5-3222-4D47-BFAA-522D12F44A0D}"
EndProject
Project("{FAE04EC0-301F-11D3-BF4B-00C04F79EFBC}") = "PizzaBox.Testing", "PizzaBox.Testing\PizzaBox.Testing.csproj", "{02D0D1F6-9C95-4265-81C7-947DFFE0AE34}"
EndProject
Global
	GlobalSection(SolutionConfigurationPlatforms) = preSolution
		Debug|Any CPU = Debug|Any CPU
		Release|Any CPU = Release|Any CPU
	EndGlobalSection
	GlobalSection(ProjectConfigurationPlatforms) = postSolution
		{7A4A0C33-CC1F-4C20-B43E-303B0402A960}.Debug|Any CPU.ActiveCfg = Debug|Any CPU
		{7A4A0C33-CC1F-4C20-B43E-303B0402A960}.Debug|Any CPU.Build.0 = Debug|Any CPU
		{7A4A0C33-CC1F-4C20-B43E-303B0402A960}.Release|Any CPU.ActiveCfg = Release|Any CPU
		{7A4A0C33-CC1F-4C20-B43E-303B0402A960}.Release|Any CPU.Build.0 = Release|Any CPU
		{C26D9571-4FE9-49A5-A07B-5C4B68D8C40A}.Debug|Any CPU.ActiveCfg = Debug|Any CPU
		{C26D9571-4FE9-49A5-A07B-5C4B68D8C40A}.Debug|Any CPU.Build.0 = Debug|Any CPU
		{C26D9571-4FE9-49A5-A07B-5C4B68D8C40A}.Release|Any CPU.ActiveCfg = Release|Any CPU
		{C26D9571-4FE9-49A5-A07B-5C4B68D8C40A}.Release|Any CPU.Build.0 = Release|Any CPU
		{37BA22D5-3222-4D47-BFAA-522D12F44A0D}.Debug|Any CPU.ActiveCfg = Debug|Any CPU
		{37BA22D5-3222-4D47-BFAA-522D12F44A0D}.Debug|Any CPU.Build.0 = Debug|Any CPU
		{37BA22D5-3222-4D47-BFAA-522D12F44A0D}.Release|Any CPU.ActiveCfg = Release|Any CPU
		{37BA22D5-3222-4D47-BFAA-522D12F44A0D}.Release|Any CPU.Build.0 = Release|Any CPU
		{02D0D1F6-9C95-4265-81C7-947DFFE0AE34}.Debug|Any CPU.ActiveCfg = Debug|Any CPU
		{02D0D1F6-9C95-4265-81C7-947DFFE0AE34}.Debug|Any CPU.Build.0 = Debug|Any CPU
		{02D0D1F6-9C95-4265-81C7-947DFFE0AE34}.Release|Any CPU.ActiveCfg = Release|Any CPU
		{02D0D1F6-9C95-4265-81C7-947DFFE0AE34}.Release|Any CPU.Build.0 = Release|Any CPU
	EndGlobalSection
	GlobalSection(SolutionProperties) = preSolution
		HideSolutionNode = FALSE
	EndGlobalSection
	GlobalSection(ExtensibilityGlobals) = postSolution
		SolutionGuid = {EE3C3576-4F5B-4403-9F40-4A0BD919F336}
	EndGlobalSection
EndGlobal
